{
  "object": {
    "pins": [
      {
        "package": "ComicReaderNetwork",
        "repositoryURL": "https://github.com/marcoG82/ComicReaderNetwork.git",
        "state": {
          "branch": null,
          "revision": "b3683157d8a5216653e011ed76c6ab0e7c05bfeb",
          "version": "1.0.5"
        }
      },
      {
        "package": "ShortcutFoundation",
        "repositoryURL": "https://github.com/shortcut/shortcut-foundation-ios.git",
        "state": {
          "branch": null,
          "revision": "1701744bc4bcef560be9d813c7a0d03ad648ae25",
          "version": "0.0.12"
        }
      }
    ]
  },
  "version": 1
}
